
Microsoft Visual Studio Solution File, Format Version 12.00
# Visual Studio Version 17
VisualStudioVersion = 17.11.35222.181
MinimumVisualStudioVersion = 10.0.40219.1
Project("{2150E333-8FDC-42A3-9474-1A3956D46DE8}") = "Task0", "Task0", "{29128068-E496-41D0-B28E-0345F8706448}"
EndProject
Project("{FAE04EC0-301F-11D3-BF4B-00C04F79EFBC}") = "Tyuiu.MedyanichevDI.Sprint0.Task0.V0", "Tyuiu.Medyanichevdi.Sprint.Task0.V0\Tyuiu.MedyanichevDI.Sprint0.Task0.V0.csproj", "{782749A1-9F08-4B99-96EE-7EB916F0D864}"
EndProject
Project("{2150E333-8FDC-42A3-9474-1A3956D46DE8}") = "Task1", "Task1", "{23CC3C3A-AD07-4829-9165-A363E6998CE4}"
EndProject
Project("{FAE04EC0-301F-11D3-BF4B-00C04F79EFBC}") = "Tyuiu.MedyanichevDI.Sprint0.Task1.V0", "Tyuiu.MedyanichevDI.Sprint0.Task1.v0\Tyuiu.MedyanichevDI.Sprint0.Task1.V0.csproj", "{34ADA182-E73C-4EE6-B37A-BC5A9F598FDB}"
EndProject
Global
	GlobalSection(SolutionConfigurationPlatforms) = preSolution
		Debug|Any CPU = Debug|Any CPU
		Release|Any CPU = Release|Any CPU
	EndGlobalSection
	GlobalSection(ProjectConfigurationPlatforms) = postSolution
		{782749A1-9F08-4B99-96EE-7EB916F0D864}.Debug|Any CPU.ActiveCfg = Debug|Any CPU
		{782749A1-9F08-4B99-96EE-7EB916F0D864}.Debug|Any CPU.Build.0 = Debug|Any CPU
		{782749A1-9F08-4B99-96EE-7EB916F0D864}.Release|Any CPU.ActiveCfg = Release|Any CPU
		{782749A1-9F08-4B99-96EE-7EB916F0D864}.Release|Any CPU.Build.0 = Release|Any CPU
		{34ADA182-E73C-4EE6-B37A-BC5A9F598FDB}.Debug|Any CPU.ActiveCfg = Debug|Any CPU
		{34ADA182-E73C-4EE6-B37A-BC5A9F598FDB}.Debug|Any CPU.Build.0 = Debug|Any CPU
		{34ADA182-E73C-4EE6-B37A-BC5A9F598FDB}.Release|Any CPU.ActiveCfg = Release|Any CPU
		{34ADA182-E73C-4EE6-B37A-BC5A9F598FDB}.Release|Any CPU.Build.0 = Release|Any CPU
	EndGlobalSection
	GlobalSection(SolutionProperties) = preSolution
		HideSolutionNode = FALSE
	EndGlobalSection
	GlobalSection(NestedProjects) = preSolution
		{782749A1-9F08-4B99-96EE-7EB916F0D864} = {29128068-E496-41D0-B28E-0345F8706448}
		{34ADA182-E73C-4EE6-B37A-BC5A9F598FDB} = {23CC3C3A-AD07-4829-9165-A363E6998CE4}
	EndGlobalSection
	GlobalSection(ExtensibilityGlobals) = postSolution
		SolutionGuid = {6777F84A-0617-4D0A-9BE3-37927875031A}
	EndGlobalSection
EndGlobal
